// !$*UTF8*$!
{
	archiveVersion = 1;
	classes = {
	};
	objectVersion = 46;
	objects = {

/* Begin PBXBuildFile section */
		60ED99ED1DC08FC80015FF19 /* SGTImageFramework.framework in Frameworks */ = {isa = PBXBuildFile; fileRef = 60ED99EC1DC08FC80015FF19 /* SGTImageFramework.framework */; };
		A4122E2B914E1813D58FB2A1 /* libPods-Demo.a in Frameworks */ = {isa = PBXBuildFile; fileRef = 186BE6978F9182455C8051D7 /* libPods-Demo.a */; };
		E1999D341D58692E0097B960 /* main.m in Sources */ = {isa = PBXBuildFile; fileRef = E1999D331D58692E0097B960 /* main.m */; };
		E1999D371D58692E0097B960 /* AppDelegate.m in Sources */ = {isa = PBXBuildFile; fileRef = E1999D361D58692E0097B960 /* AppDelegate.m */; };
		E1999D3A1D58692E0097B960 /* ViewController.m in Sources */ = {isa = PBXBuildFile; fileRef = E1999D391D58692E0097B960 /* ViewController.m */; };
		E1999D3D1D58692E0097B960 /* Main.storyboard in Resources */ = {isa = PBXBuildFile; fileRef = E1999D3B1D58692E0097B960 /* Main.storyboard */; };
		E1999D3F1D58692E0097B960 /* Assets.xcassets in Resources */ = {isa = PBXBuildFile; fileRef = E1999D3E1D58692E0097B960 /* Assets.xcassets */; };
		E1999D421D58692E0097B960 /* LaunchScreen.storyboard in Resources */ = {isa = PBXBuildFile; fileRef = E1999D401D58692E0097B960 /* LaunchScreen.storyboard */; };
/* End PBXBuildFile section */

/* Begin PBXFileReference section */
		186BE6978F9182455C8051D7 /* libPods-Demo.a */ = {isa = PBXFileReference; explicitFileType = archive.ar; includeInIndex = 0; path = "libPods-Demo.a"; sourceTree = BUILT_PRODUCTS_DIR; };
		5DE77BE16EC912FDE55261B6 /* Pods-Demo.debug.xcconfig */ = {isa = PBXFileReference; includeInIndex = 1; lastKnownFileType = text.xcconfig; name = "Pods-Demo.debug.xcconfig"; path = "../Pods/Target Support Files/Pods-Demo/Pods-Demo.debug.xcconfig"; sourceTree = "<group>"; };
		60ED99EA1DC08F370015FF19 /* SGTImageFramework.framework */ = {isa = PBXFileReference; lastKnownFileType = wrapper.framework; name = SGTImageFramework.framework; path = "../build/Debug-iphoneos/SGTImageFramework.framework"; sourceTree = "<group>"; };
		60ED99EC1DC08FC80015FF19 /* SGTImageFramework.framework */ = {isa = PBXFileReference; lastKnownFileType = wrapper.framework; name = SGTImageFramework.framework; path = "../../../../Library/Developer/Xcode/DerivedData/SGTImageFramework-bmqbpezxljwvnaeqpcxevordgcnw/Build/Products/Debug-iphonesimulator/SGTImageFramework.framework"; sourceTree = "<group>"; };
		9F3D8045423212F7866E29E8 /* Pods-Demo.release.xcconfig */ = {isa = PBXFileReference; includeInIndex = 1; lastKnownFileType = text.xcconfig; name = "Pods-Demo.release.xcconfig"; path = "../Pods/Target Support Files/Pods-Demo/Pods-Demo.release.xcconfig"; sourceTree = "<group>"; };
		E1999D2F1D58692E0097B960 /* Demo.app */ = {isa = PBXFileReference; explicitFileType = wrapper.application; includeInIndex = 0; path = Demo.app; sourceTree = BUILT_PRODUCTS_DIR; };
		E1999D331D58692E0097B960 /* main.m */ = {isa = PBXFileReference; lastKnownFileType = sourcecode.c.objc; path = main.m; sourceTree = "<group>"; };
		E1999D351D58692E0097B960 /* AppDelegate.h */ = {isa = PBXFileReference; lastKnownFileType = sourcecode.c.h; path = AppDelegate.h; sourceTree = "<group>"; };
		E1999D361D58692E0097B960 /* AppDelegate.m */ = {isa = PBXFileReference; lastKnownFileType = sourcecode.c.objc; path = AppDelegate.m; sourceTree = "<group>"; };
		E1999D381D58692E0097B960 /* ViewController.h */ = {isa = PBXFileReference; lastKnownFileType = sourcecode.c.h; path = ViewController.h; sourceTree = "<group>"; };
		E1999D391D58692E0097B960 /* ViewController.m */ = {isa = PBXFileReference; lastKnownFileType = sourcecode.c.objc; path = ViewController.m; sourceTree = "<group>"; };
		E1999D3C1D58692E0097B960 /* Base */ = {isa = PBXFileReference; lastKnownFileType = file.storyboard; name = Base; path = Base.lproj/Main.storyboard; sourceTree = "<group>"; };
		E1999D3E1D58692E0097B960 /* Assets.xcassets */ = {isa = PBXFileReference; lastKnownFileType = folder.assetcatalog; path = Assets.xcassets; sourceTree = "<group>"; };
		E1999D411D58692E0097B960 /* Base */ = {isa = PBXFileReference; lastKnownFileType = file.storyboard; name = Base; path = Base.lproj/LaunchScreen.storyboard; sourceTree = "<group>"; };
		E1999D431D58692E0097B960 /* Info.plist */ = {isa = PBXFileReference; lastKnownFileType = text.plist.xml; path = Info.plist; sourceTree = "<group>"; };
/* End PBXFileReference section */

/* Begin PBXFrameworksBuildPhase section */
		E1999D2C1D58692E0097B960 /* Frameworks */ = {
			isa = PBXFrameworksBuildPhase;
			buildActionMask = 2147483647;
			files = (
				60ED99ED1DC08FC80015FF19 /* SGTImageFramework.framework in Frameworks */,
				A4122E2B914E1813D58FB2A1 /* libPods-Demo.a in Frameworks */,
			);
			runOnlyForDeploymentPostprocessing = 0;
		};
/* End PBXFrameworksBuildPhase section */

/* Begin PBXGroup section */
		3917E21A50AC9F6BCF7793FF /* Frameworks */ = {
			isa = PBXGroup;
			children = (
				60ED99EC1DC08FC80015FF19 /* SGTImageFramework.framework */,
				60ED99EA1DC08F370015FF19 /* SGTImageFramework.framework */,
				186BE6978F9182455C8051D7 /* libPods-Demo.a */,
			);
			name = Frameworks;
			sourceTree = "<group>";
		};
		E1999D261D58692E0097B960 = {
			isa = PBXGroup;
			children = (
				E1999D311D58692E0097B960 /* Demo */,
				E1999D301D58692E0097B960 /* Products */,
				E50CBD99973FD63527AC4B87 /* Pods */,
				3917E21A50AC9F6BCF7793FF /* Frameworks */,
			);
			sourceTree = "<group>";
		};
		E1999D301D58692E0097B960 /* Products */ = {
			isa = PBXGroup;
			children = (
				E1999D2F1D58692E0097B960 /* Demo.app */,
			);
			name = Products;
			sourceTree = "<group>";
		};
		E1999D311D58692E0097B960 /* Demo */ = {
			isa = PBXGroup;
			children = (
				E1999D351D58692E0097B960 /* AppDelegate.h */,
				E1999D361D58692E0097B960 /* AppDelegate.m */,
				E1999D381D58692E0097B960 /* ViewController.h */,
				E1999D391D58692E0097B960 /* ViewController.m */,
				E1999D3B1D58692E0097B960 /* Main.storyboard */,
				E1999D3E1D58692E0097B960 /* Assets.xcassets */,
				E1999D401D58692E0097B960 /* LaunchScreen.storyboard */,
				E1999D431D58692E0097B960 /* Info.plist */,
				E1999D321D58692E0097B960 /* Supporting Files */,
			);
			path = Demo;
			sourceTree = "<group>";
		};
		E1999D321D58692E0097B960 /* Supporting Files */ = {
			isa = PBXGroup;
			children = (
				E1999D331D58692E0097B960 /* main.m */,
			);
			name = "Supporting Files";
			sourceTree = "<group>";
		};
		E50CBD99973FD63527AC4B87 /* Pods */ = {
			isa = PBXGroup;
			children = (
				5DE77BE16EC912FDE55261B6 /* Pods-Demo.debug.xcconfig */,
				9F3D8045423212F7866E29E8 /* Pods-Demo.release.xcconfig */,
			);
			name = Pods;
			sourceTree = "<group>";
		};
/* End PBXGroup section */

/* Begin PBXNativeTarget section */
		E1999D2E1D58692E0097B960 /* Demo */ = {
			isa = PBXNativeTarget;
			buildConfigurationList = E1999D461D58692E0097B960 /* Build configuration list for PBXNativeTarget "Demo" */;
			buildPhases = (
				B2ED4ACD310BFD5B01C67266 /* [CP] Check Pods Manifest.lock */,
				E1999D2B1D58692E0097B960 /* Sources */,
				E1999D2C1D58692E0097B960 /* Frameworks */,
				E1999D2D1D58692E0097B960 /* Resources */,
				32C9C816B2624F02EEAD04ED /* [CP] Embed Pods Frameworks */,
				E467BA5712292B8DA4DC4883 /* [CP] Copy Pods Resources */,
			);
			buildRules = (
			);
			dependencies = (
			);
			name = Demo;
			productName = Demo;
			productReference = E1999D2F1D58692E0097B960 /* Demo.app */;
			productType = "com.apple.product-type.application";
		};
/* End PBXNativeTarget section */

/* Begin PBXProject section */
		E1999D271D58692E0097B960 /* Project object */ = {
			isa = PBXProject;
			attributes = {
				LastUpgradeCheck = 0730;
				ORGANIZATIONNAME = "磊吴";
				TargetAttributes = {
					E1999D2E1D58692E0097B960 = {
						CreatedOnToolsVersion = 7.3.1;
					};
				};
			};
			buildConfigurationList = E1999D2A1D58692E0097B960 /* Build configuration list for PBXProject "Demo" */;
			compatibilityVersion = "Xcode 3.2";
			developmentRegion = English;
			hasScannedForEncodings = 0;
			knownRegions = (
				en,
				Base,
				"zh-Hans",
			);
			mainGroup = E1999D261D58692E0097B960;
			productRefGroup = E1999D301D58692E0097B960 /* Products */;
			projectDirPath = "";
			projectRoot = "";
			targets = (
				E1999D2E1D58692E0097B960 /* Demo */,
			);
		};
/* End PBXProject section */

/* Begin PBXResourcesBuildPhase section */
		E1999D2D1D58692E0097B960 /* Resources */ = {
			isa = PBXResourcesBuildPhase;
			buildActionMask = 2147483647;
			files = (
				E1999D421D58692E0097B960 /* LaunchScreen.storyboard in Resources */,
				E1999D3F1D58692E0097B960 /* Assets.xcassets in Resources */,
				E1999D3D1D58692E0097B960 /* Main.storyboard in Resources */,
			);
			runOnlyForDeploymentPostprocessing = 0;
		};
/* End PBXResourcesBuildPhase section */

/* Begin PBXShellScriptBuildPhase section */
		32C9C816B2624F02EEAD04ED /* [CP] Embed Pods Frameworks */ = {
			isa = PBXShellScriptBuildPhase;
			buildActionMask = 2147483647;
			files = (
			);
			inputPaths = (
			);
			name = "[CP] Embed Pods Frameworks";
			outputPaths = (
			);
			runOnlyForDeploymentPostprocessing = 0;
			shellPath = /bin/sh;
			shellScript = "\"${SRCROOT}/../Pods/Target Support Files/Pods-Demo/Pods-Demo-frameworks.sh\"\n";
			showEnvVarsInLog = 0;
		};
		B2ED4ACD310BFD5B01C67266 /* [CP] Check Pods Manifest.lock */ = {
			isa = PBXShellScriptBuildPhase;
			buildActionMask = 2147483647;
			files = (
			);
			inputPaths = (
			);
			name = "[CP] Check Pods Manifest.lock";
			outputPaths = (
			);
			runOnlyForDeploymentPostprocessing = 0;
			shellPath = /bin/sh;
			shellScript = "diff \"${PODS_ROOT}/../Podfile.lock\" \"${PODS_ROOT}/Manifest.lock\" > /dev/null\nif [[ $? != 0 ]] ; then\n    cat << EOM\nerror: The sandbox is not in sync with the Podfile.lock. Run 'pod install' or update your CocoaPods installation.\nEOM\n    exit 1\nfi\n";
			showEnvVarsInLog = 0;
		};
		E467BA5712292B8DA4DC4883 /* [CP] Copy Pods Resources */ = {
			isa = PBXShellScriptBuildPhase;
			buildActionMask = 2147483647;
			files = (
			);
			inputPaths = (
			);
			name = "[CP] Copy Pods Resources";
			outputPaths = (
			);
			runOnlyForDeploymentPostprocessing = 0;
			shellPath = /bin/sh;
			shellScript = "\"${SRCROOT}/../Pods/Target Support Files/Pods-Demo/Pods-Demo-resources.sh\"\n";
			showEnvVarsInLog = 0;
		};
/* End PBXShellScriptBuildPhase section */

/* Begin PBXSourcesBuildPhase section */
		E1999D2B1D58692E0097B960 /* Sources */ = {
			isa = PBXSourcesBuildPhase;
			buildActionMask = 2147483647;
			files = (
				E1999D3A1D58692E0097B960 /* ViewController.m in Sources */,
				E1999D371D58692E0097B960 /* AppDelegate.m in Sources */,
				E1999D341D58692E0097B960 /* main.m in Sources */,
			);
			runOnlyForDeploymentPostprocessing = 0;
		};
/* End PBXSourcesBuildPhase section */

/* Begin PBXVariantGroup section */
		E1999D3B1D58692E0097B960 /* Main.storyboard */ = {
			isa = PBXVariantGroup;
			children = (
				E1999D3C1D58692E0097B960 /* Base */,
			);
			name = Main.storyboard;
			sourceTree = "<group>";
		};
		E1999D401D58692E0097B960 /* LaunchScreen.storyboard */ = {
			isa = PBXVariantGroup;
			children = (
				E1999D411D58692E0097B960 /* Base */,
			);
			name = LaunchScreen.storyboard;
			sourceTree = "<group>";
		};
/* End PBXVariantGroup section */

/* Begin XCBuildConfiguration section */
		E1999D441D58692E0097B960 /* Debug */ = {
			isa = XCBuildConfiguration;
			buildSettings = {
				ALWAYS_SEARCH_USER_PATHS = NO;
				CLANG_ANALYZER_NONNULL = YES;
				CLANG_CXX_LANGUAGE_STANDARD = "gnu++0x";
				CLANG_CXX_LIBRARY = "libc++";
				CLANG_ENABLE_MODULES = YES;
				CLANG_ENABLE_OBJC_ARC = YES;
				CLANG_WARN_BOOL_CONVERSION = YES;
				CLANG_WARN_CONSTANT_CONVERSION = YES;
				CLANG_WARN_DIRECT_OBJC_ISA_USAGE = YES_ERROR;
				CLANG_WARN_EMPTY_BODY = YES;
				CLANG_WARN_ENUM_CONVERSION = YES;
				CLANG_WARN_INT_CONVERSION = YES;
				CLANG_WARN_OBJC_ROOT_CLASS = YES_ERROR;
				CLANG_WARN_UNREACHABLE_CODE = YES;
				CLANG_WARN__DUPLICATE_METHOD_MATCH = YES;
				"CODE_SIGN_IDENTITY[sdk=iphoneos*]" = "iPhone Developer";
				COPY_PHASE_STRIP = NO;
				DEBUG_INFORMATION_FORMAT = dwarf;
				ENABLE_STRICT_OBJC_MSGSEND = YES;
				ENABLE_TESTABILITY = YES;
				GCC_C_LANGUAGE_STANDARD = gnu99;
				GCC_DYNAMIC_NO_PIC = NO;
				GCC_NO_COMMON_BLOCKS = YES;
				GCC_OPTIMIZATION_LEVEL = 0;
				GCC_PREPROCESSOR_DEFINITIONS = (
					"DEBUG=1",
					"$(inherited)",
				);
				GCC_WARN_64_TO_32_BIT_CONVERSION = YES;
				GCC_WARN_ABOUT_RETURN_TYPE = YES_ERROR;
				GCC_WARN_UNDECLARED_SELECTOR = YES;
				GCC_WARN_UNINITIALIZED_AUTOS = YES_AGGRESSIVE;
				GCC_WARN_UNUSED_FUNCTION = YES;
				GCC_WARN_UNUSED_VARIABLE = YES;
				IPHONEOS_DEPLOYMENT_TARGET = 9.3;
				MTL_ENABLE_DEBUG_INFO = YES;
				ONLY_ACTIVE_ARCH = YES;
				SDKROOT = iphoneos;
			};
			name = Debug;
		};
		E1999D451D58692E0097B960 /* Release */ = {
			isa = XCBuildConfiguration;
			buildSettings = {
				ALWAYS_SEARCH_USER_PATHS = NO;
				CLANG_ANALYZER_NONNULL = YES;
				CLANG_CXX_LANGUAGE_STANDARD = "gnu++0x";
				CLANG_CXX_LIBRARY = "libc++";
				CLANG_ENABLE_MODULES = YES;
				CLANG_ENABLE_OBJC_ARC = YES;
				CLANG_WARN_BOOL_CONVERSION = YES;
				CLANG_WARN_CONSTANT_CONVERSION = YES;
				CLANG_WARN_DIRECT_OBJC_ISA_USAGE = YES_ERROR;
				CLANG_WARN_EMPTY_BODY = YES;
				CLANG_WARN_ENUM_CONVERSION = YES;
				CLANG_WARN_INT_CONVERSION = YES;
				CLANG_WARN_OBJC_ROOT_CLASS = YES_ERROR;
				CLANG_WARN_UNREACHABLE_CODE = YES;
				CLANG_WARN__DUPLICATE_METHOD_MATCH = YES;
				"CODE_SIGN_IDENTITY[sdk=iphoneos*]" = "iPhone Developer";
				COPY_PHASE_STRIP = NO;
				DEBUG_INFORMATION_FORMAT = "dwarf-with-dsym";
				ENABLE_NS_ASSERTIONS = NO;
				ENABLE_STRICT_OBJC_MSGSEND = YES;
				GCC_C_LANGUAGE_STANDARD = gnu99;
				GCC_NO_COMMON_BLOCKS = YES;
				GCC_WARN_64_TO_32_BIT_CONVERSION = YES;
				GCC_WARN_ABOUT_RETURN_TYPE = YES_ERROR;
				GCC_WARN_UNDECLARED_SELECTOR = YES;
				GCC_WARN_UNINITIALIZED_AUTOS = YES_AGGRESSIVE;
				GCC_WARN_UNUSED_FUNCTION = YES;
				GCC_WARN_UNUSED_VARIABLE = YES;
				IPHONEOS_DEPLOYMENT_TARGET = 9.3;
				MTL_ENABLE_DEBUG_INFO = NO;
				SDKROOT = iphoneos;
				VALIDATE_PRODUCT = YES;
			};
			name = Release;
		};
		E1999D471D58692E0097B960 /* Debug */ = {
			isa = XCBuildConfiguration;
			baseConfigurationReference = 5DE77BE16EC912FDE55261B6 /* Pods-Demo.debug.xcconfig */;
			buildSettings = {
				ASSETCATALOG_COMPILER_APPICON_NAME = AppIcon;
				INFOPLIST_FILE = Demo/Info.plist;
				IPHONEOS_DEPLOYMENT_TARGET = 8.0;
				LD_RUNPATH_SEARCH_PATHS = "$(inherited) @executable_path/Frameworks";
				PRODUCT_BUNDLE_IDENTIFIER = wleo.Demo;
				PRODUCT_NAME = "$(TARGET_NAME)";
			};
			name = Debug;
		};
		E1999D481D58692E0097B960 /* Release */ = {
			isa = XCBuildConfiguration;
			baseConfigurationReference = 9F3D8045423212F7866E29E8 /* Pods-Demo.release.xcconfig */;
			buildSettings = {
				ASSETCATALOG_COMPILER_APPICON_NAME = AppIcon;
				INFOPLIST_FILE = Demo/Info.plist;
				IPHONEOS_DEPLOYMENT_TARGET = 8.0;
				LD_RUNPATH_SEARCH_PATHS = "$(inherited) @executable_path/Frameworks";
				PRODUCT_BUNDLE_IDENTIFIER = wleo.Demo;
				PRODUCT_NAME = "$(TARGET_NAME)";
			};
			name = Release;
		};
/* End XCBuildConfiguration section */

/* Begin XCConfigurationList section */
		E1999D2A1D58692E0097B960 /* Build configuration list for PBXProject "Demo" */ = {
			isa = XCConfigurationList;
			buildConfigurations = (
				E1999D441D58692E0097B960 /* Debug */,
				E1999D451D58692E0097B960 /* Release */,
			);
			defaultConfigurationIsVisible = 0;
			defaultConfigurationName = Release;
		};
		E1999D461D58692E0097B960 /* Build configuration list for PBXNativeTarget "Demo" */ = {
			isa = XCConfigurationList;
			buildConfigurations = (
				E1999D471D58692E0097B960 /* Debug */,
				E1999D481D58692E0097B960 /* Release */,
			);
			defaultConfigurationIsVisible = 0;
			defaultConfigurationName = Release;
		};
/* End XCConfigurationList section */
	};
	rootObject = E1999D271D58692E0097B960 /* Project object */;
}
